
Microsoft Visual Studio Solution File, Format Version 12.00
# Visual Studio 15
VisualStudioVersion = 15.0.28307.1022
MinimumVisualStudioVersion = 10.0.40219.1
Project("{FAE04EC0-301F-11D3-BF4B-00C04F79EFBC}") = "ConsoleApp2", "ConsoleApp2\ConsoleApp2.csproj", "{5B924EA1-14CC-4E24-9E99-82CF8EA7F65E}"
EndProject
Global
	GlobalSection(SolutionConfigurationPlatforms) = preSolution
		Debug|Any CPU = Debug|Any CPU
		Release|Any CPU = Release|Any CPU
	EndGlobalSection
	GlobalSection(ProjectConfigurationPlatforms) = postSolution
		{5B924EA1-14CC-4E24-9E99-82CF8EA7F65E}.Debug|Any CPU.ActiveCfg = Debug|Any CPU
		{5B924EA1-14CC-4E24-9E99-82CF8EA7F65E}.Debug|Any CPU.Build.0 = Debug|Any CPU
		{5B924EA1-14CC-4E24-9E99-82CF8EA7F65E}.Release|Any CPU.ActiveCfg = Release|Any CPU
		{5B924EA1-14CC-4E24-9E99-82CF8EA7F65E}.Release|Any CPU.Build.0 = Release|Any CPU
	EndGlobalSection
	GlobalSection(SolutionProperties) = preSolution
		HideSolutionNode = FALSE
	EndGlobalSection
	GlobalSection(ExtensibilityGlobals) = postSolution
		SolutionGuid = {7C4E0054-3256-4A5A-B467-16BAC24DABB2}
	EndGlobalSection
EndGlobal
